
Microsoft Visual Studio Solution File, Format Version 12.00
# Visual Studio 15
VisualStudioVersion = 15.0.27130.2010
MinimumVisualStudioVersion = 10.0.40219.1
Project("{FAE04EC0-301F-11D3-BF4B-00C04F79EFBC}") = "MonoGame-Desktop", "source\MonoGame-Desktop\MonoGame-Desktop.csproj", "{4824A5F1-22E4-45AE-AA6E-22B24CBC400D}"
EndProject
Project("{D954291E-2A0B-460D-934E-DC6B0785DB48}") = "MonoGame-Shared", "source\MonoGame-Shared\MonoGame-Shared.shproj", "{BCC71F9C-2612-4E50-A427-649B5C718AB1}"
EndProject
Project("{D954291E-2A0B-460D-934E-DC6B0785DB48}") = "MonoGame-Content", "source\MonoGame-Content\MonoGame-Content.shproj", "{16C362A2-624A-4F55-B9B3-42222EAEB97E}"
EndProject
Global
	GlobalSection(SharedMSBuildProjectFiles) = preSolution
		source\MonoGame-Content\MonoGame-Content.projitems*{16c362a2-624a-4f55-b9b3-42222eaeb97e}*SharedItemsImports = 13
		source\MonoGame-Content\MonoGame-Content.projitems*{4824a5f1-22e4-45ae-aa6e-22b24cbc400d}*SharedItemsImports = 4
		source\MonoGame-Shared\MonoGame-Shared.projitems*{4824a5f1-22e4-45ae-aa6e-22b24cbc400d}*SharedItemsImports = 4
		source\MonoGame-Shared\MonoGame-Shared.projitems*{bcc71f9c-2612-4e50-a427-649b5c718ab1}*SharedItemsImports = 13
	EndGlobalSection
	GlobalSection(SolutionConfigurationPlatforms) = preSolution
		Debug|Any CPU = Debug|Any CPU
		Debug|ARM = Debug|ARM
		Debug|x64 = Debug|x64
		Debug|x86 = Debug|x86
		Release|Any CPU = Release|Any CPU
		Release|ARM = Release|ARM
		Release|x64 = Release|x64
		Release|x86 = Release|x86
	EndGlobalSection
	GlobalSection(ProjectConfigurationPlatforms) = postSolution
		{4824A5F1-22E4-45AE-AA6E-22B24CBC400D}.Debug|Any CPU.ActiveCfg = Debug|Any CPU
		{4824A5F1-22E4-45AE-AA6E-22B24CBC400D}.Debug|Any CPU.Build.0 = Debug|Any CPU
		{4824A5F1-22E4-45AE-AA6E-22B24CBC400D}.Debug|ARM.ActiveCfg = Debug|Any CPU
		{4824A5F1-22E4-45AE-AA6E-22B24CBC400D}.Debug|ARM.Build.0 = Debug|Any CPU
		{4824A5F1-22E4-45AE-AA6E-22B24CBC400D}.Debug|x64.ActiveCfg = Debug|Any CPU
		{4824A5F1-22E4-45AE-AA6E-22B24CBC400D}.Debug|x64.Build.0 = Debug|Any CPU
		{4824A5F1-22E4-45AE-AA6E-22B24CBC400D}.Debug|x86.ActiveCfg = Debug|Any CPU
		{4824A5F1-22E4-45AE-AA6E-22B24CBC400D}.Debug|x86.Build.0 = Debug|Any CPU
		{4824A5F1-22E4-45AE-AA6E-22B24CBC400D}.Release|Any CPU.ActiveCfg = Release|Any CPU
		{4824A5F1-22E4-45AE-AA6E-22B24CBC400D}.Release|Any CPU.Build.0 = Release|Any CPU
		{4824A5F1-22E4-45AE-AA6E-22B24CBC400D}.Release|ARM.ActiveCfg = Release|Any CPU
		{4824A5F1-22E4-45AE-AA6E-22B24CBC400D}.Release|ARM.Build.0 = Release|Any CPU
		{4824A5F1-22E4-45AE-AA6E-22B24CBC400D}.Release|x64.ActiveCfg = Release|Any CPU
		{4824A5F1-22E4-45AE-AA6E-22B24CBC400D}.Release|x64.Build.0 = Release|Any CPU
		{4824A5F1-22E4-45AE-AA6E-22B24CBC400D}.Release|x86.ActiveCfg = Release|Any CPU
		{4824A5F1-22E4-45AE-AA6E-22B24CBC400D}.Release|x86.Build.0 = Release|Any CPU
	EndGlobalSection
	GlobalSection(SolutionProperties) = preSolution
		HideSolutionNode = FALSE
	EndGlobalSection
	GlobalSection(ExtensibilityGlobals) = postSolution
		SolutionGuid = {705E5AD1-1C33-4F8A-B4EC-005CC4EA6747}
	EndGlobalSection
EndGlobal
